
Microsoft Visual Studio Solution File, Format Version 12.00
# Visual Studio Version 17
VisualStudioVersion = 17.12.35707.178
MinimumVisualStudioVersion = 10.0.40219.1
Project("{FAE04EC0-301F-11D3-BF4B-00C04F79EFBC}") = "Malweka.PdfiumSdk", "Malweka.PdfiumSdk\Malweka.PdfiumSdk.csproj", "{93258098-1B91-46C3-B430-304F7222F823}"
EndProject
Project("{FAE04EC0-301F-11D3-BF4B-00C04F79EFBC}") = "Malweka.PdfiumSdk.Tests", "Malweka.PdfiumSdk.Tests\Malweka.PdfiumSdk.Tests.csproj", "{060108A9-339E-4260-8E1D-E3FD2E7B80FA}"
EndProject
Global
	GlobalSection(SolutionConfigurationPlatforms) = preSolution
		Debug|Any CPU = Debug|Any CPU
		Release|Any CPU = Release|Any CPU
	EndGlobalSection
	GlobalSection(ProjectConfigurationPlatforms) = postSolution
		{93258098-1B91-46C3-B430-304F7222F823}.Debug|Any CPU.ActiveCfg = Debug|Any CPU
		{93258098-1B91-46C3-B430-304F7222F823}.Debug|Any CPU.Build.0 = Debug|Any CPU
		{93258098-1B91-46C3-B430-304F7222F823}.Release|Any CPU.ActiveCfg = Release|Any CPU
		{93258098-1B91-46C3-B430-304F7222F823}.Release|Any CPU.Build.0 = Release|Any CPU
		{060108A9-339E-4260-8E1D-E3FD2E7B80FA}.Debug|Any CPU.ActiveCfg = Debug|Any CPU
		{060108A9-339E-4260-8E1D-E3FD2E7B80FA}.Debug|Any CPU.Build.0 = Debug|Any CPU
		{060108A9-339E-4260-8E1D-E3FD2E7B80FA}.Release|Any CPU.ActiveCfg = Release|Any CPU
		{060108A9-339E-4260-8E1D-E3FD2E7B80FA}.Release|Any CPU.Build.0 = Release|Any CPU
	EndGlobalSection
	GlobalSection(SolutionProperties) = preSolution
		HideSolutionNode = FALSE
	EndGlobalSection
EndGlobal
